
Microsoft Visual Studio Solution File, Format Version 12.00
# Visual Studio Version 16
VisualStudioVersion = 16.0.28803.352
MinimumVisualStudioVersion = 10.0.40219.1
Project("{FAE04EC0-301F-11D3-BF4B-00C04F79EFBC}") = "ResourceTeleporter", "ResourceTeleporter\ResourceTeleporter.csproj", "{7F082D25-B6D3-4444-AE2B-F567E850576F}"
EndProject
Global
	GlobalSection(SolutionConfigurationPlatforms) = preSolution
		Debug|Any CPU = Debug|Any CPU
		Release|Any CPU = Release|Any CPU
	EndGlobalSection
	GlobalSection(ProjectConfigurationPlatforms) = postSolution
		{7F082D25-B6D3-4444-AE2B-F567E850576F}.Debug|Any CPU.ActiveCfg = Debug|Any CPU
		{7F082D25-B6D3-4444-AE2B-F567E850576F}.Debug|Any CPU.Build.0 = Debug|Any CPU
		{7F082D25-B6D3-4444-AE2B-F567E850576F}.Release|Any CPU.ActiveCfg = Release|Any CPU
		{7F082D25-B6D3-4444-AE2B-F567E850576F}.Release|Any CPU.Build.0 = Release|Any CPU
	EndGlobalSection
	GlobalSection(SolutionProperties) = preSolution
		HideSolutionNode = FALSE
	EndGlobalSection
	GlobalSection(ExtensibilityGlobals) = postSolution
		SolutionGuid = {B32AE464-25F7-4A78-9798-5EDA6CF3A0E4}
	EndGlobalSection
EndGlobal
